
Microsoft Visual Studio Solution File, Format Version 12.00
# Visual Studio Version 16
VisualStudioVersion = 16.0.29209.152
MinimumVisualStudioVersion = 10.0.40219.1
Project("{FAE04EC0-301F-11D3-BF4B-00C04F79EFBC}") = "LinuxAcademy.Azure.AI.OpticalCharacterRecognition", "LinuxAcademy.Azure.AI.OpticalCharacterRecognition\LinuxAcademy.Azure.AI.OpticalCharacterRecognition.csproj", "{BFAF6CB9-BC60-4068-A903-6D85256E7F5A}"
EndProject
Global
	GlobalSection(SolutionConfigurationPlatforms) = preSolution
		Debug|Any CPU = Debug|Any CPU
		Release|Any CPU = Release|Any CPU
	EndGlobalSection
	GlobalSection(ProjectConfigurationPlatforms) = postSolution
		{BFAF6CB9-BC60-4068-A903-6D85256E7F5A}.Debug|Any CPU.ActiveCfg = Debug|Any CPU
		{BFAF6CB9-BC60-4068-A903-6D85256E7F5A}.Debug|Any CPU.Build.0 = Debug|Any CPU
		{BFAF6CB9-BC60-4068-A903-6D85256E7F5A}.Release|Any CPU.ActiveCfg = Release|Any CPU
		{BFAF6CB9-BC60-4068-A903-6D85256E7F5A}.Release|Any CPU.Build.0 = Release|Any CPU
	EndGlobalSection
	GlobalSection(SolutionProperties) = preSolution
		HideSolutionNode = FALSE
	EndGlobalSection
	GlobalSection(ExtensibilityGlobals) = postSolution
		SolutionGuid = {BFB37787-C919-4A21-B872-AAC35B047F4C}
	EndGlobalSection
EndGlobal
